
Microsoft Visual Studio Solution File, Format Version 12.00
# Visual Studio Version 17
VisualStudioVersion = 17.11.35303.130
MinimumVisualStudioVersion = 10.0.40219.1
Project("{FAE04EC0-301F-11D3-BF4B-00C04F79EFBC}") = "FindNest", "FindNest\FindNest.csproj", "{D1371D98-0063-412E-9606-F9B108A94ED2}"
EndProject
Project("{FAE04EC0-301F-11D3-BF4B-00C04F79EFBC}") = "VNPAY", "VNPAY\VNPAY.csproj", "{365350D8-E7E2-47C9-9200-947441579E03}"
EndProject
Project("{FAE04EC0-301F-11D3-BF4B-00C04F79EFBC}") = "SendEmail", "SendEmail\SendEmail.csproj", "{B1582CC4-784F-4AA4-87E7-0D4F97B1190E}"
EndProject
Global
	GlobalSection(SolutionConfigurationPlatforms) = preSolution
		Debug|Any CPU = Debug|Any CPU
		Release|Any CPU = Release|Any CPU
	EndGlobalSection
	GlobalSection(ProjectConfigurationPlatforms) = postSolution
		{D1371D98-0063-412E-9606-F9B108A94ED2}.Debug|Any CPU.ActiveCfg = Debug|Any CPU
		{D1371D98-0063-412E-9606-F9B108A94ED2}.Debug|Any CPU.Build.0 = Debug|Any CPU
		{D1371D98-0063-412E-9606-F9B108A94ED2}.Release|Any CPU.ActiveCfg = Release|Any CPU
		{D1371D98-0063-412E-9606-F9B108A94ED2}.Release|Any CPU.Build.0 = Release|Any CPU
		{365350D8-E7E2-47C9-9200-947441579E03}.Debug|Any CPU.ActiveCfg = Debug|Any CPU
		{365350D8-E7E2-47C9-9200-947441579E03}.Debug|Any CPU.Build.0 = Debug|Any CPU
		{365350D8-E7E2-47C9-9200-947441579E03}.Release|Any CPU.ActiveCfg = Release|Any CPU
		{365350D8-E7E2-47C9-9200-947441579E03}.Release|Any CPU.Build.0 = Release|Any CPU
		{B1582CC4-784F-4AA4-87E7-0D4F97B1190E}.Debug|Any CPU.ActiveCfg = Debug|Any CPU
		{B1582CC4-784F-4AA4-87E7-0D4F97B1190E}.Debug|Any CPU.Build.0 = Debug|Any CPU
		{B1582CC4-784F-4AA4-87E7-0D4F97B1190E}.Release|Any CPU.ActiveCfg = Release|Any CPU
		{B1582CC4-784F-4AA4-87E7-0D4F97B1190E}.Release|Any CPU.Build.0 = Release|Any CPU
	EndGlobalSection
	GlobalSection(SolutionProperties) = preSolution
		HideSolutionNode = FALSE
	EndGlobalSection
	GlobalSection(ExtensibilityGlobals) = postSolution
		SolutionGuid = {51F92884-EF64-4901-BC4B-E32693D6344F}
	EndGlobalSection
EndGlobal
